
Microsoft Visual Studio Solution File, Format Version 12.00
# Visual Studio Version 17
VisualStudioVersion = 17.10.35122.118
MinimumVisualStudioVersion = 10.0.40219.1
Project("{FAE04EC0-301F-11D3-BF4B-00C04F79EFBC}") = "HooService", "HooService\HooService.csproj", "{2AA79AF9-9182-4813-8EF2-ECE662B27B5E}"
EndProject
Global
	GlobalSection(SolutionConfigurationPlatforms) = preSolution
		Debug|Any CPU = Debug|Any CPU
		Release|Any CPU = Release|Any CPU
	EndGlobalSection
	GlobalSection(ProjectConfigurationPlatforms) = postSolution
		{2AA79AF9-9182-4813-8EF2-ECE662B27B5E}.Debug|Any CPU.ActiveCfg = Debug|Any CPU
		{2AA79AF9-9182-4813-8EF2-ECE662B27B5E}.Debug|Any CPU.Build.0 = Debug|Any CPU
		{2AA79AF9-9182-4813-8EF2-ECE662B27B5E}.Release|Any CPU.ActiveCfg = Release|Any CPU
		{2AA79AF9-9182-4813-8EF2-ECE662B27B5E}.Release|Any CPU.Build.0 = Release|Any CPU
	EndGlobalSection
	GlobalSection(SolutionProperties) = preSolution
		HideSolutionNode = FALSE
	EndGlobalSection
	GlobalSection(ExtensibilityGlobals) = postSolution
		SolutionGuid = {DC806A5E-282A-4001-B3A5-150E24F5B22D}
	EndGlobalSection
EndGlobal
